{
  "name": "hyperledger-fabric-400-node",
  "version": "1.0.0",
  "lockfileVersion": 1,
  "requires": true,
  "dependencies": {
    "node-stopwatch": {
      "version": "0.0.1",
      "resolved": "https://registry.npmjs.org/node-stopwatch/-/node-stopwatch-0.0.1.tgz",
      "integrity": "sha1-hKD3Vx/kjy9Dp55fCgtQlWxwL8o="
    }
  }
}
